#MicroXplorer Configuration settings - do not modify
File.Version=6
GPIO.groupedBy=
KeepUserPlacement=false
Mcu.Family=STM32F4
Mcu.IP0=NVIC
Mcu.IP1=QUADSPI
Mcu.IP2=RCC
Mcu.IP3=SYS
Mcu.IP4=USART3
Mcu.IPNb=5
Mcu.Name=STM32F413R(G-H)Tx
Mcu.Package=LQFP64
Mcu.Pin0=PA1
Mcu.Pin1=PC5
Mcu.Pin10=VP_SYS_VS_Systick
Mcu.Pin2=PB2
Mcu.Pin3=PB10
Mcu.Pin4=PC8
Mcu.Pin5=PC9
Mcu.Pin6=PA13
Mcu.Pin7=PA14
Mcu.Pin8=PC10
Mcu.Pin9=PB6
Mcu.PinsNb=11
Mcu.ThirdPartyNb=0
Mcu.UserConstants=
Mcu.UserName=STM32F413RGTx
MxCube.Version=5.6.1
MxDb.Version=DB.5.0.60
NVIC.BusFault_IRQn=true\:0\:0\:false\:false\:true\:false\:false
NVIC.DebugMonitor_IRQn=true\:0\:0\:false\:false\:true\:false\:false
NVIC.ForceEnableDMAVector=true
NVIC.HardFault_IRQn=true\:0\:0\:false\:false\:true\:false\:false
NVIC.MemoryManagement_IRQn=true\:0\:0\:false\:false\:true\:false\:false
NVIC.NonMaskableInt_IRQn=true\:0\:0\:false\:false\:true\:false\:false
NVIC.PendSV_IRQn=true\:0\:0\:false\:false\:true\:false\:false
NVIC.PriorityGroup=NVIC_PRIORITYGROUP_4
NVIC.SVCall_IRQn=true\:0\:0\:false\:false\:true\:false\:false
NVIC.SysTick_IRQn=true\:0\:0\:false\:false\:true\:false\:true
NVIC.UsageFault_IRQn=true\:0\:0\:false\:false\:true\:false\:false
PA1.Mode=Single Bank 1
PA1.Signal=QUADSPI_BK1_IO3
PA13.Mode=Serial_Wire
PA13.Signal=SYS_JTMS-SWDIO
PA14.Mode=Serial_Wire
PA14.Signal=SYS_JTCK-SWCLK
PB10.Mode=Asynchronous
PB10.Signal=USART3_TX
PB2.Locked=true
PB2.Mode=Single Bank 1
PB2.Signal=QUADSPI_CLK
PB6.Mode=Single Bank 1
PB6.Signal=QUADSPI_BK1_NCS
PC10.Mode=Single Bank 1
PC10.Signal=QUADSPI_BK1_IO1
PC5.Mode=Asynchronous
PC5.Signal=USART3_RX
PC8.Mode=Single Bank 1
PC8.Signal=QUADSPI_BK1_IO2
PC9.Mode=Single Bank 1
PC9.Signal=QUADSPI_BK1_IO0
PinOutPanel.RotationAngle=0
ProjectManager.AskForMigrate=true
ProjectManager.BackupPrevious=false
ProjectManager.CompilerOptimize=6
ProjectManager.ComputerToolchain=false
ProjectManager.CoupleFile=true
ProjectManager.CustomerFirmwarePackage=
ProjectManager.DefaultFWLocation=true
ProjectManager.DeletePrevious=true
ProjectManager.DeviceId=STM32F413RGTx
ProjectManager.FirmwarePackage=STM32Cube FW_F4 V1.25.0
ProjectManager.FreePins=false
ProjectManager.HalAssertFull=false
ProjectManager.HeapSize=0x200
ProjectManager.KeepUserCode=true
ProjectManager.LastFirmware=true
ProjectManager.LibraryCopy=1
ProjectManager.MainLocation=Src
ProjectManager.NoMain=false
ProjectManager.PreviousToolchain=TrueSTUDIO
ProjectManager.ProjectBuild=false
ProjectManager.ProjectFileName=hello_quadspi.ioc
ProjectManager.ProjectName=hello_quadspi
ProjectManager.StackSize=0x400
ProjectManager.TargetToolchain=TrueSTUDIO
ProjectManager.ToolChainLocation=
ProjectManager.UnderRoot=true
ProjectManager.functionlistsort=1-MX_GPIO_Init-GPIO-false-HAL-true,2-SystemClock_Config-RCC-false-HAL-false,3-MX_QUADSPI_Init-QUADSPI-false-HAL-true,4-MX_USART3_UART_Init-USART3-false-HAL-true
QUADSPI.ClockMode=QSPI_CLOCK_MODE_3
QUADSPI.FifoThreshold=4
QUADSPI.FlashSize=23
QUADSPI.IPParameters=ClockMode,FifoThreshold,FlashSize
RCC.CortexFreq_Value=16000000
RCC.DFSDM2Freq_Value=16000000
RCC.DFSDMFreq_Value=16000000
RCC.FamilyName=M
RCC.IPParameters=CortexFreq_Value,DFSDM2Freq_Value,DFSDMFreq_Value,FamilyName,LPTimerFreq_Value,PLLCLKFreq_Value,PLLI2SRCLKFreq_Value,PLLQCLKFreq_Value,PLLRCLKFreq_Value,RNGFreq_Value,SAI1AFreq_Value,SAI1BFreq_Value,SDIOFreq_Value,USBFreq_Value,VCOI2SInputFreq_Value,VCOI2SOutputFreq_Value,VCOInputFreq_Value,VCOOutputFreq_Value
RCC.LPTimerFreq_Value=16000000
RCC.PLLCLKFreq_Value=96000000
RCC.PLLI2SRCLKFreq_Value=96000000
RCC.PLLQCLKFreq_Value=96000000
RCC.PLLRCLKFreq_Value=96000000
RCC.RNGFreq_Value=96000000
RCC.SAI1AFreq_Value=16000000
RCC.SAI1BFreq_Value=16000000
RCC.SDIOFreq_Value=96000000
RCC.USBFreq_Value=96000000
RCC.VCOI2SInputFreq_Value=1000000
RCC.VCOI2SOutputFreq_Value=192000000
RCC.VCOInputFreq_Value=1000000
RCC.VCOOutputFreq_Value=192000000
USART3.IPParameters=VirtualMode
USART3.VirtualMode=VM_ASYNC
VP_SYS_VS_Systick.Mode=SysTick
VP_SYS_VS_Systick.Signal=SYS_VS_Systick
board=custom
